
Microsoft Visual Studio Solution File, Format Version 12.00
# Visual Studio Version 17
VisualStudioVersion = 17.2.32630.192
MinimumVisualStudioVersion = 10.0.40219.1
Project("{9A19103F-16F7-4668-BE54-9A1E7A4F7556}") = "mailinator-csharp-client", "mailinator-csharp-client\mailinator-csharp-client.csproj", "{7AB3B7CD-7633-4DE4-8B8B-4A3B3924E085}"
EndProject
Project("{FAE04EC0-301F-11D3-BF4B-00C04F79EFBC}") = "mailinator-csharp-client-tests", "mailinator-csharp-client-tests\mailinator-csharp-client-tests.csproj", "{D59A67E5-DE4B-49AF-BD14-143091B46527}"
EndProject
Global
	GlobalSection(SolutionConfigurationPlatforms) = preSolution
		Debug|Any CPU = Debug|Any CPU
		Release|Any CPU = Release|Any CPU
	EndGlobalSection
	GlobalSection(ProjectConfigurationPlatforms) = postSolution
		{7AB3B7CD-7633-4DE4-8B8B-4A3B3924E085}.Debug|Any CPU.ActiveCfg = Debug|Any CPU
		{7AB3B7CD-7633-4DE4-8B8B-4A3B3924E085}.Debug|Any CPU.Build.0 = Debug|Any CPU
		{7AB3B7CD-7633-4DE4-8B8B-4A3B3924E085}.Release|Any CPU.ActiveCfg = Release|Any CPU
		{7AB3B7CD-7633-4DE4-8B8B-4A3B3924E085}.Release|Any CPU.Build.0 = Release|Any CPU
		{D59A67E5-DE4B-49AF-BD14-143091B46527}.Debug|Any CPU.ActiveCfg = Debug|Any CPU
		{D59A67E5-DE4B-49AF-BD14-143091B46527}.Debug|Any CPU.Build.0 = Debug|Any CPU
		{D59A67E5-DE4B-49AF-BD14-143091B46527}.Release|Any CPU.ActiveCfg = Release|Any CPU
		{D59A67E5-DE4B-49AF-BD14-143091B46527}.Release|Any CPU.Build.0 = Release|Any CPU
	EndGlobalSection
	GlobalSection(SolutionProperties) = preSolution
		HideSolutionNode = FALSE
	EndGlobalSection
	GlobalSection(ExtensibilityGlobals) = postSolution
		SolutionGuid = {2E0585C2-9AC1-4A41-82A8-131BDEFB755F}
	EndGlobalSection
EndGlobal
