{
  "version": 1,
  "dependencies": {
    ".NETFramework,Version=v4.7.1": {
      "Microsoft.NETFramework.ReferenceAssemblies": {
        "type": "Direct",
        "requested": "[1.0.3, )",
        "resolved": "1.0.3",
        "contentHash": "vUc9Npcs14QsyOD01tnv/m8sQUnGTGOw1BCmKcv77LBJY7OxhJ+zJF7UD/sCL3lYNFuqmQEVlkfS4Quif6FyYg==",
        "dependencies": {
          "Microsoft.NETFramework.ReferenceAssemblies.net471": "1.0.3"
        }
      },
      "Newtonsoft.Json": {
        "type": "Direct",
        "requested": "[13.0.4, )",
        "resolved": "13.0.4",
        "contentHash": "pdgNNMai3zv51W5aq268sujXUyx7SNdE2bj1wZcWjAQrKMFZV260lbqYop1d2GM67JI1huLRwxo9ZqnfF/lC6A=="
      },
      "RestSharp": {
        "type": "Direct",
        "requested": "[114.0.0, )",
        "resolved": "114.0.0",
        "contentHash": "8pDO4q+K8nIqXbvGCb9ciKcngj36pCXGRDzOYPEPoS2IvBIL+mejmUMAtSNALt/NkDc9LQmHvM95kdniLSbGtg==",
        "dependencies": {
          "System.Text.Json": "10.0.0"
        }
      },
      "System.Text.Json": {
        "type": "Direct",
        "requested": "[10.0.12, )",
        "resolved": "10.0.12",
        "contentHash": "AHlVpUiY96eC6Oar1Gf0YbafU7E2NUU9D80O2Xk5v7ryL3kpSsbI0EusJBE8kQfwPuDdUDoKUItArzXQHxomCg==",
        "dependencies": {
          "Microsoft.Bcl.AsyncInterfaces": "10.0.12",
          "System.Buffers": "4.6.1",
          "System.IO.Pipelines": "10.0.12",
          "System.Memory": "4.6.3",
          "System.Runtime.CompilerServices.Unsafe": "6.1.2",
          "System.Text.Encodings.Web": "10.0.12",
          "System.Threading.Tasks.Extensions": "4.6.3",
          "System.ValueTuple": "4.6.2"
        }
      },
      "Microsoft.Bcl.AsyncInterfaces": {
        "type": "Transitive",
        "resolved": "10.0.12",
        "contentHash": "vHPomsJPqUvf1ExdzCCSEUMQqloONPTBMGqNqBUdr4UgSTs9bCzH1oLkuS6WgUgIu+xqWngQbjelUBNlDuzLWQ==",
        "dependencies": {
          "System.Threading.Tasks.Extensions": "4.6.3"
        }
      },
      "Microsoft.NETFramework.ReferenceAssemblies.net471": {
        "type": "Transitive",
        "resolved": "1.0.3",
        "contentHash": "Kf3vusy+mwHzn+0osmJAMrZNG00/UkwywjwfFKLUWSYEXiIMD6SEMGP9bG3sH1B54IiydxAneLubS5/Ajjn/Tw=="
      },
      "System.Buffers": {
        "type": "Transitive",
        "resolved": "4.6.1",
        "contentHash": "N8GXpmiLMtljq7gwvyS+1QvKT/W2J8sNAvx+HVg4NGmsG/H+2k/y9QI23auLJRterrzCiDH+IWAw4V/GPwsMlw=="
      },
      "System.IO.Pipelines": {
        "type": "Transitive",
        "resolved": "10.0.12",
        "contentHash": "5e8M112rzbW5xKNXKipNFoTgM330QS6S6+UA6CaDyr/KDrow8bzfvOPFA4S05QC3n/m096oj+pfttvme6I0YyA==",
        "dependencies": {
          "System.Buffers": "4.6.1",
          "System.Memory": "4.6.3",
          "System.Threading.Tasks.Extensions": "4.6.3"
        }
      },
      "System.Memory": {
        "type": "Transitive",
        "resolved": "4.6.3",
        "contentHash": "qdcDOgnFZY40+Q9876JUHnlHu7bosOHX8XISRoH94fwk6hgaeQGSgfZd8srWRZNt5bV9ZW2TljcegDNxsf+96A==",
        "dependencies": {
          "System.Buffers": "4.6.1",
          "System.Numerics.Vectors": "4.6.1",
          "System.Runtime.CompilerServices.Unsafe": "6.1.2"
        }
      },
      "System.Numerics.Vectors": {
        "type": "Transitive",
        "resolved": "4.6.1",
        "contentHash": "sQxefTnhagrhoq2ReR0D/6K0zJcr9Hrd6kikeXsA1I8kOCboTavcUC4r7TSfpKFeE163uMuxZcyfO1mGO3EN8Q=="
      },
      "System.Runtime.CompilerServices.Unsafe": {
        "type": "Transitive",
        "resolved": "6.1.2",
        "contentHash": "2hBr6zdbIBTDE3EhK7NSVNdX58uTK6iHW/P/Axmm9sl1xoGSLqDvMtpecn226TNwHByFokYwJmt/aQQNlO5CRw=="
      },
      "System.Text.Encodings.Web": {
        "type": "Transitive",
        "resolved": "10.0.12",
        "contentHash": "5wdXVVbJ5TH6YdKJYM0CHvQOY6SiCCeQ3KyLRx9daWag0cT9g4FT5CGN2qCNWbHZkqaCOEPRiA0uCBARB5Vk7w==",
        "dependencies": {
          "System.Buffers": "4.6.1",
          "System.Memory": "4.6.3",
          "System.Runtime.CompilerServices.Unsafe": "6.1.2"
        }
      },
      "System.Threading.Tasks.Extensions": {
        "type": "Transitive",
        "resolved": "4.6.3",
        "contentHash": "7sCiwilJLYbTZELaKnc7RecBBXWXA+xMLQWZKWawBxYjp6DBlSE3v9/UcvKBvr1vv2tTOhipiogM8rRmxlhrVA==",
        "dependencies": {
          "System.Runtime.CompilerServices.Unsafe": "6.1.2"
        }
      },
      "System.ValueTuple": {
        "type": "Transitive",
        "resolved": "4.6.2",
        "contentHash": "yQgmjfFximrNm9LIV3mL6T5MzjeC+epeE5rl4hXxAlYmxby7RM1dPSkIKXk9HNkl6G54h2JHOmLD46+Pey+IRg=="
      }
    },
    ".NETStandard,Version=v2.0": {
      "NETStandard.Library": {
        "type": "Direct",
        "requested": "[2.0.3, )",
        "resolved": "2.0.3",
        "contentHash": "st47PosZSHrjECdjeIzZQbzivYBJFv6P2nv4cj2ypdI204DO+vZ7l5raGMiX4eXMJ53RfOIg+/s4DHVZ54Nu2A==",
        "dependencies": {
          "Microsoft.NETCore.Platforms": "1.1.0"
        }
      },
      "Newtonsoft.Json": {
        "type": "Direct",
        "requested": "[13.0.4, )",
        "resolved": "13.0.4",
        "contentHash": "pdgNNMai3zv51W5aq268sujXUyx7SNdE2bj1wZcWjAQrKMFZV260lbqYop1d2GM67JI1huLRwxo9ZqnfF/lC6A=="
      },
      "RestSharp": {
        "type": "Direct",
        "requested": "[114.0.0, )",
        "resolved": "114.0.0",
        "contentHash": "8pDO4q+K8nIqXbvGCb9ciKcngj36pCXGRDzOYPEPoS2IvBIL+mejmUMAtSNALt/NkDc9LQmHvM95kdniLSbGtg==",
        "dependencies": {
          "System.Text.Json": "10.0.0"
        }
      },
      "System.Text.Json": {
        "type": "Direct",
        "requested": "[10.0.12, )",
        "resolved": "10.0.12",
        "contentHash": "AHlVpUiY96eC6Oar1Gf0YbafU7E2NUU9D80O2Xk5v7ryL3kpSsbI0EusJBE8kQfwPuDdUDoKUItArzXQHxomCg==",
        "dependencies": {
          "Microsoft.Bcl.AsyncInterfaces": "10.0.12",
          "System.Buffers": "4.6.1",
          "System.IO.Pipelines": "10.0.12",
          "System.Memory": "4.6.3",
          "System.Runtime.CompilerServices.Unsafe": "6.1.2",
          "System.Text.Encodings.Web": "10.0.12",
          "System.Threading.Tasks.Extensions": "4.6.3"
        }
      },
      "Microsoft.Bcl.AsyncInterfaces": {
        "type": "Transitive",
        "resolved": "10.0.12",
        "contentHash": "vHPomsJPqUvf1ExdzCCSEUMQqloONPTBMGqNqBUdr4UgSTs9bCzH1oLkuS6WgUgIu+xqWngQbjelUBNlDuzLWQ==",
        "dependencies": {
          "System.Threading.Tasks.Extensions": "4.6.3"
        }
      },
      "Microsoft.NETCore.Platforms": {
        "type": "Transitive",
        "resolved": "1.1.0",
        "contentHash": "kz0PEW2lhqygehI/d6XsPCQzD7ff7gUJaVGPVETX611eadGsA3A877GdSlU0LRVMCTH/+P3o2iDTak+S08V2+A=="
      },
      "System.Buffers": {
        "type": "Transitive",
        "resolved": "4.6.1",
        "contentHash": "N8GXpmiLMtljq7gwvyS+1QvKT/W2J8sNAvx+HVg4NGmsG/H+2k/y9QI23auLJRterrzCiDH+IWAw4V/GPwsMlw=="
      },
      "System.IO.Pipelines": {
        "type": "Transitive",
        "resolved": "10.0.12",
        "contentHash": "5e8M112rzbW5xKNXKipNFoTgM330QS6S6+UA6CaDyr/KDrow8bzfvOPFA4S05QC3n/m096oj+pfttvme6I0YyA==",
        "dependencies": {
          "System.Buffers": "4.6.1",
          "System.Memory": "4.6.3",
          "System.Threading.Tasks.Extensions": "4.6.3"
        }
      },
      "System.Memory": {
        "type": "Transitive",
        "resolved": "4.6.3",
        "contentHash": "qdcDOgnFZY40+Q9876JUHnlHu7bosOHX8XISRoH94fwk6hgaeQGSgfZd8srWRZNt5bV9ZW2TljcegDNxsf+96A==",
        "dependencies": {
          "System.Buffers": "4.6.1",
          "System.Numerics.Vectors": "4.6.1",
          "System.Runtime.CompilerServices.Unsafe": "6.1.2"
        }
      },
      "System.Numerics.Vectors": {
        "type": "Transitive",
        "resolved": "4.6.1",
        "contentHash": "sQxefTnhagrhoq2ReR0D/6K0zJcr9Hrd6kikeXsA1I8kOCboTavcUC4r7TSfpKFeE163uMuxZcyfO1mGO3EN8Q=="
      },
      "System.Runtime.CompilerServices.Unsafe": {
        "type": "Transitive",
        "resolved": "6.1.2",
        "contentHash": "2hBr6zdbIBTDE3EhK7NSVNdX58uTK6iHW/P/Axmm9sl1xoGSLqDvMtpecn226TNwHByFokYwJmt/aQQNlO5CRw=="
      },
      "System.Text.Encodings.Web": {
        "type": "Transitive",
        "resolved": "10.0.12",
        "contentHash": "5wdXVVbJ5TH6YdKJYM0CHvQOY6SiCCeQ3KyLRx9daWag0cT9g4FT5CGN2qCNWbHZkqaCOEPRiA0uCBARB5Vk7w==",
        "dependencies": {
          "System.Buffers": "4.6.1",
          "System.Memory": "4.6.3",
          "System.Runtime.CompilerServices.Unsafe": "6.1.2"
        }
      },
      "System.Threading.Tasks.Extensions": {
        "type": "Transitive",
        "resolved": "4.6.3",
        "contentHash": "7sCiwilJLYbTZELaKnc7RecBBXWXA+xMLQWZKWawBxYjp6DBlSE3v9/UcvKBvr1vv2tTOhipiogM8rRmxlhrVA==",
        "dependencies": {
          "System.Runtime.CompilerServices.Unsafe": "6.1.2"
        }
      }
    }
  }
}